// !$*UTF8*$!
{
	archiveVersion = 1;
	classes = {
	};
	objectVersion = 56;
	objects = {

/* Begin PBXBuildFile section */
		0B18DCA32BFFC0C0001C7670 /* IconGrid.swift in Sources */ = {isa = PBXBuildFile; fileRef = 0B18DCA22BFFC0C0001C7670 /* IconGrid.swift */; };
		0B1F06592BF7E1DF00F566C8 /* SelectCurrency.swift in Sources */ = {isa = PBXBuildFile; fileRef = 0B1F06582BF7E1DF00F566C8 /* SelectCurrency.swift */; };
		0B1F065B2BF7E52500F566C8 /* CurrencyIcon.swift in Sources */ = {isa = PBXBuildFile; fileRef = 0B1F065A2BF7E52500F566C8 /* CurrencyIcon.swift */; };
		0B1F065D2BF8FC0000F566C8 /* Currency.swift in Sources */ = {isa = PBXBuildFile; fileRef = 0B1F065C2BF8FC0000F566C8 /* Currency.swift */; };
		0BD12C612BF68847008E421F /* ConversorDeMoedasApp.swift in Sources */ = {isa = PBXBuildFile; fileRef = 0BD12C602BF68847008E421F /* ConversorDeMoedasApp.swift */; };
		0BD12C632BF68847008E421F /* ContentView.swift in Sources */ = {isa = PBXBuildFile; fileRef = 0BD12C622BF68847008E421F /* ContentView.swift */; };
		0BD12C652BF68849008E421F /* Assets.xcassets in Resources */ = {isa = PBXBuildFile; fileRef = 0BD12C642BF68849008E421F /* Assets.xcassets */; };
		0BD12C682BF68849008E421F /* Preview Assets.xcassets in Resources */ = {isa = PBXBuildFile; fileRef = 0BD12C672BF68849008E421F /* Preview Assets.xcassets */; };
		0BD12C6F2BF6888E008E421F /* ExchangeInfo.swift in Sources */ = {isa = PBXBuildFile; fileRef = 0BD12C6E2BF6888E008E421F /* ExchangeInfo.swift */; };
		0BD12C712BF688A3008E421F /* ExchangeRate.swift in Sources */ = {isa = PBXBuildFile; fileRef = 0BD12C702BF688A3008E421F /* ExchangeRate.swift */; };
/* End PBXBuildFile section */

/* Begin PBXFileReference section */
		0B18DCA22BFFC0C0001C7670 /* IconGrid.swift */ = {isa = PBXFileReference; lastKnownFileType = sourcecode.swift; path = IconGrid.swift; sourceTree = "<group>"; };
		0B1F06582BF7E1DF00F566C8 /* SelectCurrency.swift */ = {isa = PBXFileReference; lastKnownFileType = sourcecode.swift; path = SelectCurrency.swift; sourceTree = "<group>"; };
		0B1F065A2BF7E52500F566C8 /* CurrencyIcon.swift */ = {isa = PBXFileReference; lastKnownFileType = sourcecode.swift; path = CurrencyIcon.swift; sourceTree = "<group>"; };
		0B1F065C2BF8FC0000F566C8 /* Currency.swift */ = {isa = PBXFileReference; lastKnownFileType = sourcecode.swift; path = Currency.swift; sourceTree = "<group>"; };
		0BD12C5D2BF68847008E421F /* ConversorDeMoedas.app */ = {isa = PBXFileReference; explicitFileType = wrapper.application; includeInIndex = 0; path = ConversorDeMoedas.app; sourceTree = BUILT_PRODUCTS_DIR; };
		0BD12C602BF68847008E421F /* ConversorDeMoedasApp.swift */ = {isa = PBXFileReference; lastKnownFileType = sourcecode.swift; path = ConversorDeMoedasApp.swift; sourceTree = "<group>"; };
		0BD12C622BF68847008E421F /* ContentView.swift */ = {isa = PBXFileReference; lastKnownFileType = sourcecode.swift; path = ContentView.swift; sourceTree = "<group>"; };
		0BD12C642BF68849008E421F /* Assets.xcassets */ = {isa = PBXFileReference; lastKnownFileType = folder.assetcatalog; path = Assets.xcassets; sourceTree = "<group>"; };
		0BD12C672BF68849008E421F /* Preview Assets.xcassets */ = {isa = PBXFileReference; lastKnownFileType = folder.assetcatalog; path = "Preview Assets.xcassets"; sourceTree = "<group>"; };
		0BD12C6E2BF6888E008E421F /* ExchangeInfo.swift */ = {isa = PBXFileReference; lastKnownFileType = sourcecode.swift; path = ExchangeInfo.swift; sourceTree = "<group>"; };
		0BD12C702BF688A3008E421F /* ExchangeRate.swift */ = {isa = PBXFileReference; lastKnownFileType = sourcecode.swift; path = ExchangeRate.swift; sourceTree = "<group>"; };
/* End PBXFileReference section */

/* Begin PBXFrameworksBuildPhase section */
		0BD12C5A2BF68847008E421F /* Frameworks */ = {
			isa = PBXFrameworksBuildPhase;
			buildActionMask = 2147483647;
			files = (
			);
			runOnlyForDeploymentPostprocessing = 0;
		};
/* End PBXFrameworksBuildPhase section */

/* Begin PBXGroup section */
		0BD12C542BF68847008E421F = {
			isa = PBXGroup;
			children = (
				0BD12C5F2BF68847008E421F /* ConversorDeMoedas */,
				0BD12C5E2BF68847008E421F /* Products */,
			);
			sourceTree = "<group>";
		};
		0BD12C5E2BF68847008E421F /* Products */ = {
			isa = PBXGroup;
			children = (
				0BD12C5D2BF68847008E421F /* ConversorDeMoedas.app */,
			);
			name = Products;
			sourceTree = "<group>";
		};
		0BD12C5F2BF68847008E421F /* ConversorDeMoedas */ = {
			isa = PBXGroup;
			children = (
				0BD12C602BF68847008E421F /* ConversorDeMoedasApp.swift */,
				0B1F065C2BF8FC0000F566C8 /* Currency.swift */,
				0BD12C622BF68847008E421F /* ContentView.swift */,
				0B1F06582BF7E1DF00F566C8 /* SelectCurrency.swift */,
				0B18DCA22BFFC0C0001C7670 /* IconGrid.swift */,
				0B1F065A2BF7E52500F566C8 /* CurrencyIcon.swift */,
				0BD12C6E2BF6888E008E421F /* ExchangeInfo.swift */,
				0BD12C702BF688A3008E421F /* ExchangeRate.swift */,
				0BD12C642BF68849008E421F /* Assets.xcassets */,
				0BD12C662BF68849008E421F /* Preview Content */,
			);
			path = ConversorDeMoedas;
			sourceTree = "<group>";
		};
		0BD12C662BF68849008E421F /* Preview Content */ = {
			isa = PBXGroup;
			children = (
				0BD12C672BF68849008E421F /* Preview Assets.xcassets */,
			);
			path = "Preview Content";
			sourceTree = "<group>";
		};
/* End PBXGroup section */

/* Begin PBXNativeTarget section */
		0BD12C5C2BF68847008E421F /* ConversorDeMoedas */ = {
			isa = PBXNativeTarget;
			buildConfigurationList = 0BD12C6B2BF68849008E421F /* Build configuration list for PBXNativeTarget "ConversorDeMoedas" */;
			buildPhases = (
				0BD12C592BF68847008E421F /* Sources */,
				0BD12C5A2BF68847008E421F /* Frameworks */,
				0BD12C5B2BF68847008E421F /* Resources */,
			);
			buildRules = (
			);
			dependencies = (
			);
			name = ConversorDeMoedas;
			productName = ConversorDeMoedas;
			productReference = 0BD12C5D2BF68847008E421F /* ConversorDeMoedas.app */;
			productType = "com.apple.product-type.application";
		};
/* End PBXNativeTarget section */

/* Begin PBXProject section */
		0BD12C552BF68847008E421F /* Project object */ = {
			isa = PBXProject;
			attributes = {
				BuildIndependentTargetsInParallel = 1;
				LastSwiftUpdateCheck = 1540;
				LastUpgradeCheck = 1540;
				TargetAttributes = {
					0BD12C5C2BF68847008E421F = {
						CreatedOnToolsVersion = 15.4;
					};
				};
			};
			buildConfigurationList = 0BD12C582BF68847008E421F /* Build configuration list for PBXProject "ConversorDeMoedas" */;
			compatibilityVersion = "Xcode 14.0";
			developmentRegion = en;
			hasScannedForEncodings = 0;
			knownRegions = (
				en,
				Base,
			);
			mainGroup = 0BD12C542BF68847008E421F;
			productRefGroup = 0BD12C5E2BF68847008E421F /* Products */;
			projectDirPath = "";
			projectRoot = "";
			targets = (
				0BD12C5C2BF68847008E421F /* ConversorDeMoedas */,
			);
		};
/* End PBXProject section */

/* Begin PBXResourcesBuildPhase section */
		0BD12C5B2BF68847008E421F /* Resources */ = {
			isa = PBXResourcesBuildPhase;
			buildActionMask = 2147483647;
			files = (
				0BD12C682BF68849008E421F /* Preview Assets.xcassets in Resources */,
				0BD12C652BF68849008E421F /* Assets.xcassets in Resources */,
			);
			runOnlyForDeploymentPostprocessing = 0;
		};
/* End PBXResourcesBuildPhase section */

/* Begin PBXSourcesBuildPhase section */
		0BD12C592BF68847008E421F /* Sources */ = {
			isa = PBXSourcesBuildPhase;
			buildActionMask = 2147483647;
			files = (
				0B18DCA32BFFC0C0001C7670 /* IconGrid.swift in Sources */,
				0BD12C712BF688A3008E421F /* ExchangeRate.swift in Sources */,
				0B1F06592BF7E1DF00F566C8 /* SelectCurrency.swift in Sources */,
				0BD12C6F2BF6888E008E421F /* ExchangeInfo.swift in Sources */,
				0BD12C632BF68847008E421F /* ContentView.swift in Sources */,
				0BD12C612BF68847008E421F /* ConversorDeMoedasApp.swift in Sources */,
				0B1F065D2BF8FC0000F566C8 /* Currency.swift in Sources */,
				0B1F065B2BF7E52500F566C8 /* CurrencyIcon.swift in Sources */,
			);
			runOnlyForDeploymentPostprocessing = 0;
		};
/* End PBXSourcesBuildPhase section */

/* Begin XCBuildConfiguration section */
		0BD12C692BF68849008E421F /* Debug */ = {
			isa = XCBuildConfiguration;
			buildSettings = {
				ALWAYS_SEARCH_USER_PATHS = NO;
				ASSETCATALOG_COMPILER_GENERATE_SWIFT_ASSET_SYMBOL_EXTENSIONS = YES;
				CLANG_ANALYZER_NONNULL = YES;
				CLANG_ANALYZER_NUMBER_OBJECT_CONVERSION = YES_AGGRESSIVE;
				CLANG_CXX_LANGUAGE_STANDARD = "gnu++20";
				CLANG_ENABLE_MODULES = YES;
				CLANG_ENABLE_OBJC_ARC = YES;
				CLANG_ENABLE_OBJC_WEAK = YES;
				CLANG_WARN_BLOCK_CAPTURE_AUTORELEASING = YES;
				CLANG_WARN_BOOL_CONVERSION = YES;
				CLANG_WARN_COMMA = YES;
				CLANG_WARN_CONSTANT_CONVERSION = YES;
				CLANG_WARN_DEPRECATED_OBJC_IMPLEMENTATIONS = YES;
				CLANG_WARN_DIRECT_OBJC_ISA_USAGE = YES_ERROR;
				CLANG_WARN_DOCUMENTATION_COMMENTS = YES;
				CLANG_WARN_EMPTY_BODY = YES;
				CLANG_WARN_ENUM_CONVERSION = YES;
				CLANG_WARN_INFINITE_RECURSION = YES;
				CLANG_WARN_INT_CONVERSION = YES;
				CLANG_WARN_NON_LITERAL_NULL_CONVERSION = YES;
				CLANG_WARN_OBJC_IMPLICIT_RETAIN_SELF = YES;
				CLANG_WARN_OBJC_LITERAL_CONVERSION = YES;
				CLANG_WARN_OBJC_ROOT_CLASS = YES_ERROR;
				CLANG_WARN_QUOTED_INCLUDE_IN_FRAMEWORK_HEADER = YES;
				CLANG_WARN_RANGE_LOOP_ANALYSIS = YES;
				CLANG_WARN_STRICT_PROTOTYPES = YES;
				CLANG_WARN_SUSPICIOUS_MOVE = YES;
				CLANG_WARN_UNGUARDED_AVAILABILITY = YES_AGGRESSIVE;
				CLANG_WARN_UNREACHABLE_CODE = YES;
				CLANG_WARN__DUPLICATE_METHOD_MATCH = YES;
				COPY_PHASE_STRIP = NO;
				DEBUG_INFORMATION_FORMAT = dwarf;
				ENABLE_STRICT_OBJC_MSGSEND = YES;
				ENABLE_TESTABILITY = YES;
				ENABLE_USER_SCRIPT_SANDBOXING = YES;
				GCC_C_LANGUAGE_STANDARD = gnu17;
				GCC_DYNAMIC_NO_PIC = NO;
				GCC_NO_COMMON_BLOCKS = YES;
				GCC_OPTIMIZATION_LEVEL = 0;
				GCC_PREPROCESSOR_DEFINITIONS = (
					"DEBUG=1",
					"$(inherited)",
				);
				GCC_WARN_64_TO_32_BIT_CONVERSION = YES;
				GCC_WARN_ABOUT_RETURN_TYPE = YES_ERROR;
				GCC_WARN_UNDECLARED_SELECTOR = YES;
				GCC_WARN_UNINITIALIZED_AUTOS = YES_AGGRESSIVE;
				GCC_WARN_UNUSED_FUNCTION = YES;
				GCC_WARN_UNUSED_VARIABLE = YES;
				IPHONEOS_DEPLOYMENT_TARGET = 17.5;
				LOCALIZATION_PREFERS_STRING_CATALOGS = YES;
				MTL_ENABLE_DEBUG_INFO = INCLUDE_SOURCE;
				MTL_FAST_MATH = YES;
				ONLY_ACTIVE_ARCH = YES;
				SDKROOT = iphoneos;
				SWIFT_ACTIVE_COMPILATION_CONDITIONS = "DEBUG $(inherited)";
				SWIFT_OPTIMIZATION_LEVEL = "-Onone";
			};
			name = Debug;
		};
		0BD12C6A2BF68849008E421F /* Release */ = {
			isa = XCBuildConfiguration;
			buildSettings = {
				ALWAYS_SEARCH_USER_PATHS = NO;
				ASSETCATALOG_COMPILER_GENERATE_SWIFT_ASSET_SYMBOL_EXTENSIONS = YES;
				CLANG_ANALYZER_NONNULL = YES;
				CLANG_ANALYZER_NUMBER_OBJECT_CONVERSION = YES_AGGRESSIVE;
				CLANG_CXX_LANGUAGE_STANDARD = "gnu++20";
				CLANG_ENABLE_MODULES = YES;
				CLANG_ENABLE_OBJC_ARC = YES;
				CLANG_ENABLE_OBJC_WEAK = YES;
				CLANG_WARN_BLOCK_CAPTURE_AUTORELEASING = YES;
				CLANG_WARN_BOOL_CONVERSION = YES;
				CLANG_WARN_COMMA = YES;
				CLANG_WARN_CONSTANT_CONVERSION = YES;
				CLANG_WARN_DEPRECATED_OBJC_IMPLEMENTATIONS = YES;
				CLANG_WARN_DIRECT_OBJC_ISA_USAGE = YES_ERROR;
				CLANG_WARN_DOCUMENTATION_COMMENTS = YES;
				CLANG_WARN_EMPTY_BODY = YES;
				CLANG_WARN_ENUM_CONVERSION = YES;
				CLANG_WARN_INFINITE_RECURSION = YES;
				CLANG_WARN_INT_CONVERSION = YES;
				CLANG_WARN_NON_LITERAL_NULL_CONVERSION = YES;
				CLANG_WARN_OBJC_IMPLICIT_RETAIN_SELF = YES;
				CLANG_WARN_OBJC_LITERAL_CONVERSION = YES;
				CLANG_WARN_OBJC_ROOT_CLASS = YES_ERROR;
				CLANG_WARN_QUOTED_INCLUDE_IN_FRAMEWORK_HEADER = YES;
				CLANG_WARN_RANGE_LOOP_ANALYSIS = YES;
				CLANG_WARN_STRICT_PROTOTYPES = YES;
				CLANG_WARN_SUSPICIOUS_MOVE = YES;
				CLANG_WARN_UNGUARDED_AVAILABILITY = YES_AGGRESSIVE;
				CLANG_WARN_UNREACHABLE_CODE = YES;
				CLANG_WARN__DUPLICATE_METHOD_MATCH = YES;
				COPY_PHASE_STRIP = NO;
				DEBUG_INFORMATION_FORMAT = "dwarf-with-dsym";
				ENABLE_NS_ASSERTIONS = NO;
				ENABLE_STRICT_OBJC_MSGSEND = YES;
				ENABLE_USER_SCRIPT_SANDBOXING = YES;
				GCC_C_LANGUAGE_STANDARD = gnu17;
				GCC_NO_COMMON_BLOCKS = YES;
				GCC_WARN_64_TO_32_BIT_CONVERSION = YES;
				GCC_WARN_ABOUT_RETURN_TYPE = YES_ERROR;
				GCC_WARN_UNDECLARED_SELECTOR = YES;
				GCC_WARN_UNINITIALIZED_AUTOS = YES_AGGRESSIVE;
				GCC_WARN_UNUSED_FUNCTION = YES;
				GCC_WARN_UNUSED_VARIABLE = YES;
				IPHONEOS_DEPLOYMENT_TARGET = 17.5;
				LOCALIZATION_PREFERS_STRING_CATALOGS = YES;
				MTL_ENABLE_DEBUG_INFO = NO;
				MTL_FAST_MATH = YES;
				SDKROOT = iphoneos;
				SWIFT_COMPILATION_MODE = wholemodule;
				VALIDATE_PRODUCT = YES;
			};
			name = Release;
		};
		0BD12C6C2BF68849008E421F /* Debug */ = {
			isa = XCBuildConfiguration;
			buildSettings = {
				ASSETCATALOG_COMPILER_APPICON_NAME = AppIcon;
				ASSETCATALOG_COMPILER_GLOBAL_ACCENT_COLOR_NAME = AccentColor;
				CODE_SIGN_STYLE = Automatic;
				CURRENT_PROJECT_VERSION = 1;
				DEVELOPMENT_ASSET_PATHS = "\"ConversorDeMoedas/Preview Content\"";
				DEVELOPMENT_TEAM = 77CKM5M3G6;
				ENABLE_PREVIEWS = YES;
				GENERATE_INFOPLIST_FILE = YES;
				INFOPLIST_KEY_UIApplicationSceneManifest_Generation = YES;
				INFOPLIST_KEY_UIApplicationSupportsIndirectInputEvents = YES;
				INFOPLIST_KEY_UILaunchScreen_Generation = YES;
				INFOPLIST_KEY_UISupportedInterfaceOrientations_iPad = "UIInterfaceOrientationPortrait UIInterfaceOrientationPortraitUpsideDown UIInterfaceOrientationLandscapeLeft UIInterfaceOrientationLandscapeRight";
				INFOPLIST_KEY_UISupportedInterfaceOrientations_iPhone = "UIInterfaceOrientationPortrait UIInterfaceOrientationLandscapeLeft UIInterfaceOrientationLandscapeRight";
				LD_RUNPATH_SEARCH_PATHS = (
					"$(inherited)",
					"@executable_path/Frameworks",
				);
				MARKETING_VERSION = 1.0;
				PRODUCT_BUNDLE_IDENTIFIER = victorvaz.ConversorDeMoedas;
				PRODUCT_NAME = "$(TARGET_NAME)";
				SWIFT_EMIT_LOC_STRINGS = YES;
				SWIFT_VERSION = 5.0;
				TARGETED_DEVICE_FAMILY = "1,2";
			};
			name = Debug;
		};
		0BD12C6D2BF68849008E421F /* Release */ = {
			isa = XCBuildConfiguration;
			buildSettings = {
				ASSETCATALOG_COMPILER_APPICON_NAME = AppIcon;
				ASSETCATALOG_COMPILER_GLOBAL_ACCENT_COLOR_NAME = AccentColor;
				CODE_SIGN_STYLE = Automatic;
				CURRENT_PROJECT_VERSION = 1;
				DEVELOPMENT_ASSET_PATHS = "\"ConversorDeMoedas/Preview Content\"";
				DEVELOPMENT_TEAM = 77CKM5M3G6;
				ENABLE_PREVIEWS = YES;
				GENERATE_INFOPLIST_FILE = YES;
				INFOPLIST_KEY_UIApplicationSceneManifest_Generation = YES;
				INFOPLIST_KEY_UIApplicationSupportsIndirectInputEvents = YES;
				INFOPLIST_KEY_UILaunchScreen_Generation = YES;
				INFOPLIST_KEY_UISupportedInterfaceOrientations_iPad = "UIInterfaceOrientationPortrait UIInterfaceOrientationPortraitUpsideDown UIInterfaceOrientationLandscapeLeft UIInterfaceOrientationLandscapeRight";
				INFOPLIST_KEY_UISupportedInterfaceOrientations_iPhone = "UIInterfaceOrientationPortrait UIInterfaceOrientationLandscapeLeft UIInterfaceOrientationLandscapeRight";
				LD_RUNPATH_SEARCH_PATHS = (
					"$(inherited)",
					"@executable_path/Frameworks",
				);
				MARKETING_VERSION = 1.0;
				PRODUCT_BUNDLE_IDENTIFIER = victorvaz.ConversorDeMoedas;
				PRODUCT_NAME = "$(TARGET_NAME)";
				SWIFT_EMIT_LOC_STRINGS = YES;
				SWIFT_VERSION = 5.0;
				TARGETED_DEVICE_FAMILY = "1,2";
			};
			name = Release;
		};
/* End XCBuildConfiguration section */

/* Begin XCConfigurationList section */
		0BD12C582BF68847008E421F /* Build configuration list for PBXProject "ConversorDeMoedas" */ = {
			isa = XCConfigurationList;
			buildConfigurations = (
				0BD12C692BF68849008E421F /* Debug */,
				0BD12C6A2BF68849008E421F /* Release */,
			);
			defaultConfigurationIsVisible = 0;
			defaultConfigurationName = Release;
		};
		0BD12C6B2BF68849008E421F /* Build configuration list for PBXNativeTarget "ConversorDeMoedas" */ = {
			isa = XCConfigurationList;
			buildConfigurations = (
				0BD12C6C2BF68849008E421F /* Debug */,
				0BD12C6D2BF68849008E421F /* Release */,
			);
			defaultConfigurationIsVisible = 0;
			defaultConfigurationName = Release;
		};
/* End XCConfigurationList section */
	};
	rootObject = 0BD12C552BF68847008E421F /* Project object */;
}
